{
  "name": "ajs1",
  "version": "1.0.0",
  "lockfileVersion": 1,
  "requires": true,
  "dependencies": {
    "@alina-gilmutdinova/ajs": {
      "version": "1.0.0",
      "resolved": "https://npm.pkg.github.com/download/@alina-gilmutdinova/ajs/1.0.0/18cbb7a4602c1d8512a1b1440f4a5a7f621f53c2ce2a88ac0d6ab40f066b5d2f",
      "integrity": "sha512-0vT7gATCfJSRy3W1r24r14MwN7o7lFH+MQKl9TutYV4BcPXQ1Oab3uNIOOO9ScgVp/T/NBaxfxYnyThfvddV1Q=="
    }
  }
}
